
Microsoft Visual Studio Solution File, Format Version 12.00
# Visual Studio Version 17
VisualStudioVersion = 17.3.32811.315
MinimumVisualStudioVersion = 10.0.40219.1
Project("{FAE04EC0-301F-11D3-BF4B-00C04F79EFBC}") = "Kata_LeapYears", "Kata_LeapYears\Kata_LeapYears.csproj", "{29E84EEB-FCEC-4C86-9FEF-1E3D0AA15E70}"
EndProject
Project("{FAE04EC0-301F-11D3-BF4B-00C04F79EFBC}") = "Kata_LeapYears_Tests", "Kata_LeapYears_Tests\Kata_LeapYears_Tests.csproj", "{0A12853E-0F8A-45C6-9933-7830792F38CD}"
EndProject
Global
	GlobalSection(SolutionConfigurationPlatforms) = preSolution
		Debug|Any CPU = Debug|Any CPU
		Release|Any CPU = Release|Any CPU
	EndGlobalSection
	GlobalSection(ProjectConfigurationPlatforms) = postSolution
		{29E84EEB-FCEC-4C86-9FEF-1E3D0AA15E70}.Debug|Any CPU.ActiveCfg = Debug|Any CPU
		{29E84EEB-FCEC-4C86-9FEF-1E3D0AA15E70}.Debug|Any CPU.Build.0 = Debug|Any CPU
		{29E84EEB-FCEC-4C86-9FEF-1E3D0AA15E70}.Release|Any CPU.ActiveCfg = Release|Any CPU
		{29E84EEB-FCEC-4C86-9FEF-1E3D0AA15E70}.Release|Any CPU.Build.0 = Release|Any CPU
		{0A12853E-0F8A-45C6-9933-7830792F38CD}.Debug|Any CPU.ActiveCfg = Debug|Any CPU
		{0A12853E-0F8A-45C6-9933-7830792F38CD}.Debug|Any CPU.Build.0 = Debug|Any CPU
		{0A12853E-0F8A-45C6-9933-7830792F38CD}.Release|Any CPU.ActiveCfg = Release|Any CPU
		{0A12853E-0F8A-45C6-9933-7830792F38CD}.Release|Any CPU.Build.0 = Release|Any CPU
	EndGlobalSection
	GlobalSection(SolutionProperties) = preSolution
		HideSolutionNode = FALSE
	EndGlobalSection
	GlobalSection(ExtensibilityGlobals) = postSolution
		SolutionGuid = {C1D76CD4-3EFB-4CD6-87C7-5DDF117AD3AF}
	EndGlobalSection
EndGlobal
